
Microsoft Visual Studio Solution File, Format Version 12.00
# Visual Studio 15
VisualStudioVersion = 15.0.28307.168
MinimumVisualStudioVersion = 10.0.40219.1
Project("{FAE04EC0-301F-11D3-BF4B-00C04F79EFBC}") = "TextAnalyzerWebApp", "TextAnalyzerWebApp\TextAnalyzerWebApp.csproj", "{527BE29D-69A8-4E9C-A817-F551B7F75628}"
EndProject
Global
	GlobalSection(SolutionConfigurationPlatforms) = preSolution
		Debug|Any CPU = Debug|Any CPU
		Release|Any CPU = Release|Any CPU
	EndGlobalSection
	GlobalSection(ProjectConfigurationPlatforms) = postSolution
		{527BE29D-69A8-4E9C-A817-F551B7F75628}.Debug|Any CPU.ActiveCfg = Debug|Any CPU
		{527BE29D-69A8-4E9C-A817-F551B7F75628}.Debug|Any CPU.Build.0 = Debug|Any CPU
		{527BE29D-69A8-4E9C-A817-F551B7F75628}.Release|Any CPU.ActiveCfg = Release|Any CPU
		{527BE29D-69A8-4E9C-A817-F551B7F75628}.Release|Any CPU.Build.0 = Release|Any CPU
	EndGlobalSection
	GlobalSection(SolutionProperties) = preSolution
		HideSolutionNode = FALSE
	EndGlobalSection
	GlobalSection(ExtensibilityGlobals) = postSolution
		SolutionGuid = {C903EC2C-717D-4B2D-9D75-D837206A53AF}
	EndGlobalSection
EndGlobal
